
Microsoft Visual Studio Solution File, Format Version 12.00
# Visual Studio 15
VisualStudioVersion = 15.0.28307.168
MinimumVisualStudioVersion = 10.0.40219.1
Project("{9A19103F-16F7-4668-BE54-9A1E7A4F7556}") = "aspnet-web", "aspnet-web.csproj", "{EECAA6FA-AA89-4B72-9D34-6A3E935711DE}"
EndProject
Global
	GlobalSection(SolutionConfigurationPlatforms) = preSolution
		Debug|Any CPU = Debug|Any CPU
		Debug|x64 = Debug|x64
		Release|Any CPU = Release|Any CPU
		Release|x64 = Release|x64
	EndGlobalSection
	GlobalSection(ProjectConfigurationPlatforms) = postSolution
		{EECAA6FA-AA89-4B72-9D34-6A3E935711DE}.Debug|Any CPU.ActiveCfg = Debug|Any CPU
		{EECAA6FA-AA89-4B72-9D34-6A3E935711DE}.Debug|Any CPU.Build.0 = Debug|Any CPU
		{EECAA6FA-AA89-4B72-9D34-6A3E935711DE}.Debug|x64.ActiveCfg = Debug|Any CPU
		{EECAA6FA-AA89-4B72-9D34-6A3E935711DE}.Debug|x64.Build.0 = Debug|Any CPU
		{EECAA6FA-AA89-4B72-9D34-6A3E935711DE}.Release|Any CPU.ActiveCfg = Release|Any CPU
		{EECAA6FA-AA89-4B72-9D34-6A3E935711DE}.Release|Any CPU.Build.0 = Release|Any CPU
		{EECAA6FA-AA89-4B72-9D34-6A3E935711DE}.Release|x64.ActiveCfg = Release|Any CPU
		{EECAA6FA-AA89-4B72-9D34-6A3E935711DE}.Release|x64.Build.0 = Release|Any CPU
	EndGlobalSection
	GlobalSection(SolutionProperties) = preSolution
		HideSolutionNode = FALSE
	EndGlobalSection
	GlobalSection(ExtensibilityGlobals) = postSolution
		SolutionGuid = {0B77FB7D-9A26-4755-A42D-1AEDCCAE68B5}
	EndGlobalSection
EndGlobal
